
Microsoft Visual Studio Solution File, Format Version 12.00
# Visual Studio Version 17
VisualStudioVersion = 17.0.32014.148
MinimumVisualStudioVersion = 10.0.40219.1
Project("{2150E333-8FDC-42A3-9474-1A3956D46DE8}") = "Solution Items", "Solution Items", "{690930F4-0752-4855-8A89-28574542EE81}"
	ProjectSection(SolutionItems) = preProject
		dictionary.txt = dictionary.txt
		LICENSE = LICENSE
		plugin-version.txt = plugin-version.txt
		README.md = README.md
		SharedAssemblyInfo.cs = SharedAssemblyInfo.cs
	EndProjectSection
EndProject
Project("{FAE04EC0-301F-11D3-BF4B-00C04F79EFBC}") = "KeePassDPG", "KeePassDPG\KeePassDPG.csproj", "{FFFA710E-7C61-4DB6-904B-FACC4F21D638}"
EndProject
Project("{FAE04EC0-301F-11D3-BF4B-00C04F79EFBC}") = "KeePassDPG.Compressor", "KeePassDPG.Compressor\KeePassDPG.Compressor.csproj", "{93623DBE-436A-425C-9C28-97892B201591}"
EndProject
Global
	GlobalSection(SolutionConfigurationPlatforms) = preSolution
		Debug|Any CPU = Debug|Any CPU
		Release|Any CPU = Release|Any CPU
	EndGlobalSection
	GlobalSection(ProjectConfigurationPlatforms) = postSolution
		{FFFA710E-7C61-4DB6-904B-FACC4F21D638}.Debug|Any CPU.ActiveCfg = Debug|Any CPU
		{FFFA710E-7C61-4DB6-904B-FACC4F21D638}.Debug|Any CPU.Build.0 = Debug|Any CPU
		{FFFA710E-7C61-4DB6-904B-FACC4F21D638}.Release|Any CPU.ActiveCfg = Release|Any CPU
		{FFFA710E-7C61-4DB6-904B-FACC4F21D638}.Release|Any CPU.Build.0 = Release|Any CPU
		{93623DBE-436A-425C-9C28-97892B201591}.Debug|Any CPU.ActiveCfg = Debug|Any CPU
		{93623DBE-436A-425C-9C28-97892B201591}.Debug|Any CPU.Build.0 = Debug|Any CPU
		{93623DBE-436A-425C-9C28-97892B201591}.Release|Any CPU.ActiveCfg = Release|Any CPU
		{93623DBE-436A-425C-9C28-97892B201591}.Release|Any CPU.Build.0 = Release|Any CPU
	EndGlobalSection
	GlobalSection(SolutionProperties) = preSolution
		HideSolutionNode = FALSE
	EndGlobalSection
	GlobalSection(ExtensibilityGlobals) = postSolution
		SolutionGuid = {83181BB1-16F9-4BDD-9254-8738D8E1948C}
	EndGlobalSection
EndGlobal
